
Microsoft Visual Studio Solution File, Format Version 12.00
# Visual Studio 15
VisualStudioVersion = 15.0.27130.2010
MinimumVisualStudioVersion = 10.0.40219.1
Project("{8BC9CEB8-8B4A-11D0-8D11-00A0C91BC942}") = "FrameWork", "FrameWork\FrameWork.vcxproj", "{AF8DAF84-85EE-42E1-BD79-F0CDBEF555FF}"
EndProject
Global
	GlobalSection(SolutionConfigurationPlatforms) = preSolution
		Debug|x64 = Debug|x64
		Debug|x86 = Debug|x86
		Release|x64 = Release|x64
		Release|x86 = Release|x86
	EndGlobalSection
	GlobalSection(ProjectConfigurationPlatforms) = postSolution
		{AF8DAF84-85EE-42E1-BD79-F0CDBEF555FF}.Debug|x64.ActiveCfg = Debug|x64
		{AF8DAF84-85EE-42E1-BD79-F0CDBEF555FF}.Debug|x64.Build.0 = Debug|x64
		{AF8DAF84-85EE-42E1-BD79-F0CDBEF555FF}.Debug|x86.ActiveCfg = Debug|Win32
		{AF8DAF84-85EE-42E1-BD79-F0CDBEF555FF}.Debug|x86.Build.0 = Debug|Win32
		{AF8DAF84-85EE-42E1-BD79-F0CDBEF555FF}.Release|x64.ActiveCfg = Release|x64
		{AF8DAF84-85EE-42E1-BD79-F0CDBEF555FF}.Release|x64.Build.0 = Release|x64
		{AF8DAF84-85EE-42E1-BD79-F0CDBEF555FF}.Release|x86.ActiveCfg = Release|Win32
		{AF8DAF84-85EE-42E1-BD79-F0CDBEF555FF}.Release|x86.Build.0 = Release|Win32
	EndGlobalSection
	GlobalSection(SolutionProperties) = preSolution
		HideSolutionNode = FALSE
	EndGlobalSection
	GlobalSection(ExtensibilityGlobals) = postSolution
		SolutionGuid = {8007F347-78C9-4185-8E23-077CD06AF327}
	EndGlobalSection
EndGlobal
